
Microsoft Visual Studio Solution File, Format Version 12.00
# Visual Studio Version 16
VisualStudioVersion = 16.0.30711.63
MinimumVisualStudioVersion = 10.0.40219.1
Project("{2150E333-8FDC-42A3-9474-1A3956D46DE8}") = "Application", "Application", "{D76DB0DF-72BB-433F-A521-5AAEB4CED2F0}"
EndProject
Project("{2150E333-8FDC-42A3-9474-1A3956D46DE8}") = "Domain", "Domain", "{42DD20E8-E23C-45FE-AE54-3B3BCA3916A5}"
EndProject
Project("{2150E333-8FDC-42A3-9474-1A3956D46DE8}") = "Infra.IOC", "Infra.IOC", "{836D7943-0A23-4179-98D0-68D32F4D9966}"
EndProject
Project("{2150E333-8FDC-42A3-9474-1A3956D46DE8}") = "Data", "Data", "{2A07D8F1-0FE6-4473-9819-98EACC197612}"
EndProject
Project("{2150E333-8FDC-42A3-9474-1A3956D46DE8}") = "CleanArch.UI.Mvc", "CleanArch.UI.Mvc", "{65371A1C-DB4A-4418-BAFF-AF6BBD8C80BC}"
EndProject
Project("{9A19103F-16F7-4668-BE54-9A1E7A4F7556}") = "CleanArch.MVC", "CleanArch.MVC\CleanArch.MVC.csproj", "{7B0C0FD0-0485-4A1C-98EB-5BCBBD3C26A1}"
EndProject
Project("{9A19103F-16F7-4668-BE54-9A1E7A4F7556}") = "CleanArch.Data", "ClassLibrary1\CleanArch.Data.csproj", "{1E7A305C-0DF5-434B-9DF6-4B6939CCFE92}"
EndProject
Project("{9A19103F-16F7-4668-BE54-9A1E7A4F7556}") = "CleanArch.Domain", "CleanArch.Domain1\CleanArch.Domain.csproj", "{00E4163D-B008-4DAE-809D-05F47116DCB2}"
EndProject
Project("{9A19103F-16F7-4668-BE54-9A1E7A4F7556}") = "CleanArch.Application", "CleanArch.Application\CleanArch.Application.csproj", "{93723B7E-A22D-40D8-BAC8-E349F0E67064}"
EndProject
Project("{9A19103F-16F7-4668-BE54-9A1E7A4F7556}") = "CleanArch.Infra.IoC", "CleanArch.Infra.IoC\CleanArch.Infra.IoC.csproj", "{B67C0EEA-70EA-4EAC-8D95-124F04A86CB6}"
EndProject
Project("{2150E333-8FDC-42A3-9474-1A3956D46DE8}") = "Infra.Bus", "Infra.Bus", "{32541046-0C7E-4367-A3E4-21677600343C}"
EndProject
Project("{2150E333-8FDC-42A3-9474-1A3956D46DE8}") = "Api", "Api", "{AA3DCAE0-49BD-4C54-9885-E364FF977DD4}"
EndProject
Project("{FAE04EC0-301F-11D3-BF4B-00C04F79EFBC}") = "CleanArch.Infra.Bus", "CleanArch.Infra.Bus\CleanArch.Infra.Bus.csproj", "{C293C846-7DF1-457A-AFB6-9082F5857591}"
EndProject
Global
	GlobalSection(SolutionConfigurationPlatforms) = preSolution
		Debug|Any CPU = Debug|Any CPU
		Release|Any CPU = Release|Any CPU
	EndGlobalSection
	GlobalSection(ProjectConfigurationPlatforms) = postSolution
		{7B0C0FD0-0485-4A1C-98EB-5BCBBD3C26A1}.Debug|Any CPU.ActiveCfg = Debug|Any CPU
		{7B0C0FD0-0485-4A1C-98EB-5BCBBD3C26A1}.Debug|Any CPU.Build.0 = Debug|Any CPU
		{7B0C0FD0-0485-4A1C-98EB-5BCBBD3C26A1}.Release|Any CPU.ActiveCfg = Release|Any CPU
		{7B0C0FD0-0485-4A1C-98EB-5BCBBD3C26A1}.Release|Any CPU.Build.0 = Release|Any CPU
		{1E7A305C-0DF5-434B-9DF6-4B6939CCFE92}.Debug|Any CPU.ActiveCfg = Debug|Any CPU
		{1E7A305C-0DF5-434B-9DF6-4B6939CCFE92}.Debug|Any CPU.Build.0 = Debug|Any CPU
		{1E7A305C-0DF5-434B-9DF6-4B6939CCFE92}.Release|Any CPU.ActiveCfg = Release|Any CPU
		{1E7A305C-0DF5-434B-9DF6-4B6939CCFE92}.Release|Any CPU.Build.0 = Release|Any CPU
		{00E4163D-B008-4DAE-809D-05F47116DCB2}.Debug|Any CPU.ActiveCfg = Debug|Any CPU
		{00E4163D-B008-4DAE-809D-05F47116DCB2}.Debug|Any CPU.Build.0 = Debug|Any CPU
		{00E4163D-B008-4DAE-809D-05F47116DCB2}.Release|Any CPU.ActiveCfg = Release|Any CPU
		{00E4163D-B008-4DAE-809D-05F47116DCB2}.Release|Any CPU.Build.0 = Release|Any CPU
		{93723B7E-A22D-40D8-BAC8-E349F0E67064}.Debug|Any CPU.ActiveCfg = Debug|Any CPU
		{93723B7E-A22D-40D8-BAC8-E349F0E67064}.Debug|Any CPU.Build.0 = Debug|Any CPU
		{93723B7E-A22D-40D8-BAC8-E349F0E67064}.Release|Any CPU.ActiveCfg = Release|Any CPU
		{93723B7E-A22D-40D8-BAC8-E349F0E67064}.Release|Any CPU.Build.0 = Release|Any CPU
		{B67C0EEA-70EA-4EAC-8D95-124F04A86CB6}.Debug|Any CPU.ActiveCfg = Debug|Any CPU
		{B67C0EEA-70EA-4EAC-8D95-124F04A86CB6}.Debug|Any CPU.Build.0 = Debug|Any CPU
		{B67C0EEA-70EA-4EAC-8D95-124F04A86CB6}.Release|Any CPU.ActiveCfg = Release|Any CPU
		{B67C0EEA-70EA-4EAC-8D95-124F04A86CB6}.Release|Any CPU.Build.0 = Release|Any CPU
		{C293C846-7DF1-457A-AFB6-9082F5857591}.Debug|Any CPU.ActiveCfg = Debug|Any CPU
		{C293C846-7DF1-457A-AFB6-9082F5857591}.Debug|Any CPU.Build.0 = Debug|Any CPU
		{C293C846-7DF1-457A-AFB6-9082F5857591}.Release|Any CPU.ActiveCfg = Release|Any CPU
		{C293C846-7DF1-457A-AFB6-9082F5857591}.Release|Any CPU.Build.0 = Release|Any CPU
	EndGlobalSection
	GlobalSection(SolutionProperties) = preSolution
		HideSolutionNode = FALSE
	EndGlobalSection
	GlobalSection(NestedProjects) = preSolution
		{7B0C0FD0-0485-4A1C-98EB-5BCBBD3C26A1} = {65371A1C-DB4A-4418-BAFF-AF6BBD8C80BC}
		{1E7A305C-0DF5-434B-9DF6-4B6939CCFE92} = {2A07D8F1-0FE6-4473-9819-98EACC197612}
		{00E4163D-B008-4DAE-809D-05F47116DCB2} = {42DD20E8-E23C-45FE-AE54-3B3BCA3916A5}
		{93723B7E-A22D-40D8-BAC8-E349F0E67064} = {D76DB0DF-72BB-433F-A521-5AAEB4CED2F0}
		{B67C0EEA-70EA-4EAC-8D95-124F04A86CB6} = {836D7943-0A23-4179-98D0-68D32F4D9966}
		{C293C846-7DF1-457A-AFB6-9082F5857591} = {32541046-0C7E-4367-A3E4-21677600343C}
	EndGlobalSection
	GlobalSection(ExtensibilityGlobals) = postSolution
		SolutionGuid = {CC9D7639-D246-4771-83EB-3C7F942F0A3A}
	EndGlobalSection
EndGlobal
